
Microsoft Visual Studio Solution File, Format Version 12.00
# Visual Studio Version 17
VisualStudioVersion = 17.0.31903.59
MinimumVisualStudioVersion = 10.0.40219.1
Project("{2150E333-8FDC-42A3-9474-1A3956D46DE8}") = "src", "src", "{827E0CD3-B72D-47B6-A68D-7590B98EB39B}"
EndProject
Project("{FAE04EC0-301F-11D3-BF4B-00C04F79EFBC}") = "YCR.Api", "src\YCR.Api\YCR.Api.csproj", "{9EFAAF43-2C8E-46E5-B289-A321ACB75E8B}"
EndProject
Project("{FAE04EC0-301F-11D3-BF4B-00C04F79EFBC}") = "YCR.Application", "src\YCR.Application\YCR.Application.csproj", "{BA4E8499-10F5-4963-A6F8-F22443A234E1}"
EndProject
Project("{FAE04EC0-301F-11D3-BF4B-00C04F79EFBC}") = "YCR.Domain", "src\YCR.Domain\YCR.Domain.csproj", "{B12CE42E-DB14-4FFB-859E-F7359B350B70}"
EndProject
Project("{FAE04EC0-301F-11D3-BF4B-00C04F79EFBC}") = "YCR.Infrastructure", "src\YCR.Infrastructure\YCR.Infrastructure.csproj", "{25411CFF-20BD-4922-8FA6-57DDC294AEB2}"
EndProject
Project("{FAE04EC0-301F-11D3-BF4B-00C04F79EFBC}") = "YCR.Worker", "src\YCR.Worker\YCR.Worker.csproj", "{61286CD2-90BE-4FBA-A291-85A2F8A60903}"
EndProject
Project("{2150E333-8FDC-42A3-9474-1A3956D46DE8}") = "tests", "tests", "{0AB3BF05-4346-4AA6-1389-037BE0695223}"
EndProject
Project("{FAE04EC0-301F-11D3-BF4B-00C04F79EFBC}") = "YCR.Api.Tests", "tests\YCR.Api.Tests\YCR.Api.Tests.csproj", "{CEBF8D27-70C4-4E78-9404-27670849D95C}"
EndProject
Project("{FAE04EC0-301F-11D3-BF4B-00C04F79EFBC}") = "YCR.TestSupport", "tests\YCR.TestSupport\YCR.TestSupport.csproj", "{A90DB6CE-D92E-4044-90CB-27FFFDCA9F6C}"
EndProject
Project("{FAE04EC0-301F-11D3-BF4B-00C04F79EFBC}") = "YCR.Application.Tests", "tests\YCR.Application.Tests\YCR.Application.Tests.csproj", "{D7B8A8C3-AEC2-4B83-9B57-5BFCC9989D79}"
EndProject
Project("{FAE04EC0-301F-11D3-BF4B-00C04F79EFBC}") = "YCR.ArchitectureTests", "tests\YCR.ArchitectureTests\YCR.ArchitectureTests.csproj", "{1B039428-DEB1-40D6-85A2-2D5E8C2F054C}"
EndProject
Project("{FAE04EC0-301F-11D3-BF4B-00C04F79EFBC}") = "YCR.Domain.Tests", "tests\YCR.Domain.Tests\YCR.Domain.Tests.csproj", "{76A0F676-CB26-4982-87AB-2EC9343A4D82}"
EndProject
Project("{FAE04EC0-301F-11D3-BF4B-00C04F79EFBC}") = "YCR.Infrastructure.Tests", "tests\YCR.Infrastructure.Tests\YCR.Infrastructure.Tests.csproj", "{320A0C7C-0BC9-4F23-98F5-5FBC3B850CF6}"
EndProject
Project("{FAE04EC0-301F-11D3-BF4B-00C04F79EFBC}") = "YCR.IntegrationTests", "tests\YCR.IntegrationTests\YCR.IntegrationTests.csproj", "{4AD6B2A2-2466-4F40-A9FF-BDB02B71E4BE}"
EndProject
Global
	GlobalSection(SolutionConfigurationPlatforms) = preSolution
		Debug|Any CPU = Debug|Any CPU
		Debug|x64 = Debug|x64
		Debug|x86 = Debug|x86
		Release|Any CPU = Release|Any CPU
		Release|x64 = Release|x64
		Release|x86 = Release|x86
	EndGlobalSection
	GlobalSection(ProjectConfigurationPlatforms) = postSolution
		{9EFAAF43-2C8E-46E5-B289-A321ACB75E8B}.Debug|Any CPU.ActiveCfg = Debug|Any CPU
		{9EFAAF43-2C8E-46E5-B289-A321ACB75E8B}.Debug|Any CPU.Build.0 = Debug|Any CPU
		{9EFAAF43-2C8E-46E5-B289-A321ACB75E8B}.Debug|x64.ActiveCfg = Debug|Any CPU
		{9EFAAF43-2C8E-46E5-B289-A321ACB75E8B}.Debug|x64.Build.0 = Debug|Any CPU
		{9EFAAF43-2C8E-46E5-B289-A321ACB75E8B}.Debug|x86.ActiveCfg = Debug|Any CPU
		{9EFAAF43-2C8E-46E5-B289-A321ACB75E8B}.Debug|x86.Build.0 = Debug|Any CPU
		{9EFAAF43-2C8E-46E5-B289-A321ACB75E8B}.Release|Any CPU.ActiveCfg = Release|Any CPU
		{9EFAAF43-2C8E-46E5-B289-A321ACB75E8B}.Release|Any CPU.Build.0 = Release|Any CPU
		{9EFAAF43-2C8E-46E5-B289-A321ACB75E8B}.Release|x64.ActiveCfg = Release|Any CPU
		{9EFAAF43-2C8E-46E5-B289-A321ACB75E8B}.Release|x64.Build.0 = Release|Any CPU
		{9EFAAF43-2C8E-46E5-B289-A321ACB75E8B}.Release|x86.ActiveCfg = Release|Any CPU
		{9EFAAF43-2C8E-46E5-B289-A321ACB75E8B}.Release|x86.Build.0 = Release|Any CPU
		{BA4E8499-10F5-4963-A6F8-F22443A234E1}.Debug|Any CPU.ActiveCfg = Debug|Any CPU
		{BA4E8499-10F5-4963-A6F8-F22443A234E1}.Debug|Any CPU.Build.0 = Debug|Any CPU
		{BA4E8499-10F5-4963-A6F8-F22443A234E1}.Debug|x64.ActiveCfg = Debug|Any CPU
		{BA4E8499-10F5-4963-A6F8-F22443A234E1}.Debug|x64.Build.0 = Debug|Any CPU
		{BA4E8499-10F5-4963-A6F8-F22443A234E1}.Debug|x86.ActiveCfg = Debug|Any CPU
		{BA4E8499-10F5-4963-A6F8-F22443A234E1}.Debug|x86.Build.0 = Debug|Any CPU
		{BA4E8499-10F5-4963-A6F8-F22443A234E1}.Release|Any CPU.ActiveCfg = Release|Any CPU
		{BA4E8499-10F5-4963-A6F8-F22443A234E1}.Release|Any CPU.Build.0 = Release|Any CPU
		{BA4E8499-10F5-4963-A6F8-F22443A234E1}.Release|x64.ActiveCfg = Release|Any CPU
		{BA4E8499-10F5-4963-A6F8-F22443A234E1}.Release|x64.Build.0 = Release|Any CPU
		{BA4E8499-10F5-4963-A6F8-F22443A234E1}.Release|x86.ActiveCfg = Release|Any CPU
		{BA4E8499-10F5-4963-A6F8-F22443A234E1}.Release|x86.Build.0 = Release|Any CPU
		{B12CE42E-DB14-4FFB-859E-F7359B350B70}.Debug|Any CPU.ActiveCfg = Debug|Any CPU
		{B12CE42E-DB14-4FFB-859E-F7359B350B70}.Debug|Any CPU.Build.0 = Debug|Any CPU
		{B12CE42E-DB14-4FFB-859E-F7359B350B70}.Debug|x64.ActiveCfg = Debug|Any CPU
		{B12CE42E-DB14-4FFB-859E-F7359B350B70}.Debug|x64.Build.0 = Debug|Any CPU
		{B12CE42E-DB14-4FFB-859E-F7359B350B70}.Debug|x86.ActiveCfg = Debug|Any CPU
		{B12CE42E-DB14-4FFB-859E-F7359B350B70}.Debug|x86.Build.0 = Debug|Any CPU
		{B12CE42E-DB14-4FFB-859E-F7359B350B70}.Release|Any CPU.ActiveCfg = Release|Any CPU
		{B12CE42E-DB14-4FFB-859E-F7359B350B70}.Release|Any CPU.Build.0 = Release|Any CPU
		{B12CE42E-DB14-4FFB-859E-F7359B350B70}.Release|x64.ActiveCfg = Release|Any CPU
		{B12CE42E-DB14-4FFB-859E-F7359B350B70}.Release|x64.Build.0 = Release|Any CPU
		{B12CE42E-DB14-4FFB-859E-F7359B350B70}.Release|x86.ActiveCfg = Release|Any CPU
		{B12CE42E-DB14-4FFB-859E-F7359B350B70}.Release|x86.Build.0 = Release|Any CPU
		{25411CFF-20BD-4922-8FA6-57DDC294AEB2}.Debug|Any CPU.ActiveCfg = Debug|Any CPU
		{25411CFF-20BD-4922-8FA6-57DDC294AEB2}.Debug|Any CPU.Build.0 = Debug|Any CPU
		{25411CFF-20BD-4922-8FA6-57DDC294AEB2}.Debug|x64.ActiveCfg = Debug|Any CPU
		{25411CFF-20BD-4922-8FA6-57DDC294AEB2}.Debug|x64.Build.0 = Debug|Any CPU
		{25411CFF-20BD-4922-8FA6-57DDC294AEB2}.Debug|x86.ActiveCfg = Debug|Any CPU
		{25411CFF-20BD-4922-8FA6-57DDC294AEB2}.Debug|x86.Build.0 = Debug|Any CPU
		{25411CFF-20BD-4922-8FA6-57DDC294AEB2}.Release|Any CPU.ActiveCfg = Release|Any CPU
		{25411CFF-20BD-4922-8FA6-57DDC294AEB2}.Release|Any CPU.Build.0 = Release|Any CPU
		{25411CFF-20BD-4922-8FA6-57DDC294AEB2}.Release|x64.ActiveCfg = Release|Any CPU
		{25411CFF-20BD-4922-8FA6-57DDC294AEB2}.Release|x64.Build.0 = Release|Any CPU
		{25411CFF-20BD-4922-8FA6-57DDC294AEB2}.Release|x86.ActiveCfg = Release|Any CPU
		{25411CFF-20BD-4922-8FA6-57DDC294AEB2}.Release|x86.Build.0 = Release|Any CPU
		{61286CD2-90BE-4FBA-A291-85A2F8A60903}.Debug|Any CPU.ActiveCfg = Debug|Any CPU
		{61286CD2-90BE-4FBA-A291-85A2F8A60903}.Debug|Any CPU.Build.0 = Debug|Any CPU
		{61286CD2-90BE-4FBA-A291-85A2F8A60903}.Debug|x64.ActiveCfg = Debug|Any CPU
		{61286CD2-90BE-4FBA-A291-85A2F8A60903}.Debug|x64.Build.0 = Debug|Any CPU
		{61286CD2-90BE-4FBA-A291-85A2F8A60903}.Debug|x86.ActiveCfg = Debug|Any CPU
		{61286CD2-90BE-4FBA-A291-85A2F8A60903}.Debug|x86.Build.0 = Debug|Any CPU
		{61286CD2-90BE-4FBA-A291-85A2F8A60903}.Release|Any CPU.ActiveCfg = Release|Any CPU
		{61286CD2-90BE-4FBA-A291-85A2F8A60903}.Release|Any CPU.Build.0 = Release|Any CPU
		{61286CD2-90BE-4FBA-A291-85A2F8A60903}.Release|x64.ActiveCfg = Release|Any CPU
		{61286CD2-90BE-4FBA-A291-85A2F8A60903}.Release|x64.Build.0 = Release|Any CPU
		{61286CD2-90BE-4FBA-A291-85A2F8A60903}.Release|x86.ActiveCfg = Release|Any CPU
		{61286CD2-90BE-4FBA-A291-85A2F8A60903}.Release|x86.Build.0 = Release|Any CPU
		{CEBF8D27-70C4-4E78-9404-27670849D95C}.Debug|Any CPU.ActiveCfg = Debug|Any CPU
		{CEBF8D27-70C4-4E78-9404-27670849D95C}.Debug|Any CPU.Build.0 = Debug|Any CPU
		{CEBF8D27-70C4-4E78-9404-27670849D95C}.Debug|x64.ActiveCfg = Debug|Any CPU
		{CEBF8D27-70C4-4E78-9404-27670849D95C}.Debug|x64.Build.0 = Debug|Any CPU
		{CEBF8D27-70C4-4E78-9404-27670849D95C}.Debug|x86.ActiveCfg = Debug|Any CPU
		{CEBF8D27-70C4-4E78-9404-27670849D95C}.Debug|x86.Build.0 = Debug|Any CPU
		{CEBF8D27-70C4-4E78-9404-27670849D95C}.Release|Any CPU.ActiveCfg = Release|Any CPU
		{CEBF8D27-70C4-4E78-9404-27670849D95C}.Release|Any CPU.Build.0 = Release|Any CPU
		{CEBF8D27-70C4-4E78-9404-27670849D95C}.Release|x64.ActiveCfg = Release|Any CPU
		{CEBF8D27-70C4-4E78-9404-27670849D95C}.Release|x64.Build.0 = Release|Any CPU
		{CEBF8D27-70C4-4E78-9404-27670849D95C}.Release|x86.ActiveCfg = Release|Any CPU
		{CEBF8D27-70C4-4E78-9404-27670849D95C}.Release|x86.Build.0 = Release|Any CPU
		{A90DB6CE-D92E-4044-90CB-27FFFDCA9F6C}.Debug|Any CPU.ActiveCfg = Debug|Any CPU
		{A90DB6CE-D92E-4044-90CB-27FFFDCA9F6C}.Debug|Any CPU.Build.0 = Debug|Any CPU
		{A90DB6CE-D92E-4044-90CB-27FFFDCA9F6C}.Debug|x64.ActiveCfg = Debug|Any CPU
		{A90DB6CE-D92E-4044-90CB-27FFFDCA9F6C}.Debug|x64.Build.0 = Debug|Any CPU
		{A90DB6CE-D92E-4044-90CB-27FFFDCA9F6C}.Debug|x86.ActiveCfg = Debug|Any CPU
		{A90DB6CE-D92E-4044-90CB-27FFFDCA9F6C}.Debug|x86.Build.0 = Debug|Any CPU
		{A90DB6CE-D92E-4044-90CB-27FFFDCA9F6C}.Release|Any CPU.ActiveCfg = Release|Any CPU
		{A90DB6CE-D92E-4044-90CB-27FFFDCA9F6C}.Release|Any CPU.Build.0 = Release|Any CPU
		{A90DB6CE-D92E-4044-90CB-27FFFDCA9F6C}.Release|x64.ActiveCfg = Release|Any CPU
		{A90DB6CE-D92E-4044-90CB-27FFFDCA9F6C}.Release|x64.Build.0 = Release|Any CPU
		{A90DB6CE-D92E-4044-90CB-27FFFDCA9F6C}.Release|x86.ActiveCfg = Release|Any CPU
		{A90DB6CE-D92E-4044-90CB-27FFFDCA9F6C}.Release|x86.Build.0 = Release|Any CPU
		{D7B8A8C3-AEC2-4B83-9B57-5BFCC9989D79}.Debug|Any CPU.ActiveCfg = Debug|Any CPU
		{D7B8A8C3-AEC2-4B83-9B57-5BFCC9989D79}.Debug|Any CPU.Build.0 = Debug|Any CPU
		{D7B8A8C3-AEC2-4B83-9B57-5BFCC9989D79}.Debug|x64.ActiveCfg = Debug|Any CPU
		{D7B8A8C3-AEC2-4B83-9B57-5BFCC9989D79}.Debug|x64.Build.0 = Debug|Any CPU
		{D7B8A8C3-AEC2-4B83-9B57-5BFCC9989D79}.Debug|x86.ActiveCfg = Debug|Any CPU
		{D7B8A8C3-AEC2-4B83-9B57-5BFCC9989D79}.Debug|x86.Build.0 = Debug|Any CPU
		{D7B8A8C3-AEC2-4B83-9B57-5BFCC9989D79}.Release|Any CPU.ActiveCfg = Release|Any CPU
		{D7B8A8C3-AEC2-4B83-9B57-5BFCC9989D79}.Release|Any CPU.Build.0 = Release|Any CPU
		{D7B8A8C3-AEC2-4B83-9B57-5BFCC9989D79}.Release|x64.ActiveCfg = Release|Any CPU
		{D7B8A8C3-AEC2-4B83-9B57-5BFCC9989D79}.Release|x64.Build.0 = Release|Any CPU
		{D7B8A8C3-AEC2-4B83-9B57-5BFCC9989D79}.Release|x86.ActiveCfg = Release|Any CPU
		{D7B8A8C3-AEC2-4B83-9B57-5BFCC9989D79}.Release|x86.Build.0 = Release|Any CPU
		{1B039428-DEB1-40D6-85A2-2D5E8C2F054C}.Debug|Any CPU.ActiveCfg = Debug|Any CPU
		{1B039428-DEB1-40D6-85A2-2D5E8C2F054C}.Debug|Any CPU.Build.0 = Debug|Any CPU
		{1B039428-DEB1-40D6-85A2-2D5E8C2F054C}.Debug|x64.ActiveCfg = Debug|Any CPU
		{1B039428-DEB1-40D6-85A2-2D5E8C2F054C}.Debug|x64.Build.0 = Debug|Any CPU
		{1B039428-DEB1-40D6-85A2-2D5E8C2F054C}.Debug|x86.ActiveCfg = Debug|Any CPU
		{1B039428-DEB1-40D6-85A2-2D5E8C2F054C}.Debug|x86.Build.0 = Debug|Any CPU
		{1B039428-DEB1-40D6-85A2-2D5E8C2F054C}.Release|Any CPU.ActiveCfg = Release|Any CPU
		{1B039428-DEB1-40D6-85A2-2D5E8C2F054C}.Release|Any CPU.Build.0 = Release|Any CPU
		{1B039428-DEB1-40D6-85A2-2D5E8C2F054C}.Release|x64.ActiveCfg = Release|Any CPU
		{1B039428-DEB1-40D6-85A2-2D5E8C2F054C}.Release|x64.Build.0 = Release|Any CPU
		{1B039428-DEB1-40D6-85A2-2D5E8C2F054C}.Release|x86.ActiveCfg = Release|Any CPU
		{1B039428-DEB1-40D6-85A2-2D5E8C2F054C}.Release|x86.Build.0 = Release|Any CPU
		{76A0F676-CB26-4982-87AB-2EC9343A4D82}.Debug|Any CPU.ActiveCfg = Debug|Any CPU
		{76A0F676-CB26-4982-87AB-2EC9343A4D82}.Debug|Any CPU.Build.0 = Debug|Any CPU
		{76A0F676-CB26-4982-87AB-2EC9343A4D82}.Debug|x64.ActiveCfg = Debug|Any CPU
		{76A0F676-CB26-4982-87AB-2EC9343A4D82}.Debug|x64.Build.0 = Debug|Any CPU
		{76A0F676-CB26-4982-87AB-2EC9343A4D82}.Debug|x86.ActiveCfg = Debug|Any CPU
		{76A0F676-CB26-4982-87AB-2EC9343A4D82}.Debug|x86.Build.0 = Debug|Any CPU
		{76A0F676-CB26-4982-87AB-2EC9343A4D82}.Release|Any CPU.ActiveCfg = Release|Any CPU
		{76A0F676-CB26-4982-87AB-2EC9343A4D82}.Release|Any CPU.Build.0 = Release|Any CPU
		{76A0F676-CB26-4982-87AB-2EC9343A4D82}.Release|x64.ActiveCfg = Release|Any CPU
		{76A0F676-CB26-4982-87AB-2EC9343A4D82}.Release|x64.Build.0 = Release|Any CPU
		{76A0F676-CB26-4982-87AB-2EC9343A4D82}.Release|x86.ActiveCfg = Release|Any CPU
		{76A0F676-CB26-4982-87AB-2EC9343A4D82}.Release|x86.Build.0 = Release|Any CPU
		{320A0C7C-0BC9-4F23-98F5-5FBC3B850CF6}.Debug|Any CPU.ActiveCfg = Debug|Any CPU
		{320A0C7C-0BC9-4F23-98F5-5FBC3B850CF6}.Debug|Any CPU.Build.0 = Debug|Any CPU
		{320A0C7C-0BC9-4F23-98F5-5FBC3B850CF6}.Debug|x64.ActiveCfg = Debug|Any CPU
		{320A0C7C-0BC9-4F23-98F5-5FBC3B850CF6}.Debug|x64.Build.0 = Debug|Any CPU
		{320A0C7C-0BC9-4F23-98F5-5FBC3B850CF6}.Debug|x86.ActiveCfg = Debug|Any CPU
		{320A0C7C-0BC9-4F23-98F5-5FBC3B850CF6}.Debug|x86.Build.0 = Debug|Any CPU
		{320A0C7C-0BC9-4F23-98F5-5FBC3B850CF6}.Release|Any CPU.ActiveCfg = Release|Any CPU
		{320A0C7C-0BC9-4F23-98F5-5FBC3B850CF6}.Release|Any CPU.Build.0 = Release|Any CPU
		{320A0C7C-0BC9-4F23-98F5-5FBC3B850CF6}.Release|x64.ActiveCfg = Release|Any CPU
		{320A0C7C-0BC9-4F23-98F5-5FBC3B850CF6}.Release|x64.Build.0 = Release|Any CPU
		{320A0C7C-0BC9-4F23-98F5-5FBC3B850CF6}.Release|x86.ActiveCfg = Release|Any CPU
		{320A0C7C-0BC9-4F23-98F5-5FBC3B850CF6}.Release|x86.Build.0 = Release|Any CPU
		{4AD6B2A2-2466-4F40-A9FF-BDB02B71E4BE}.Debug|Any CPU.ActiveCfg = Debug|Any CPU
		{4AD6B2A2-2466-4F40-A9FF-BDB02B71E4BE}.Debug|Any CPU.Build.0 = Debug|Any CPU
		{4AD6B2A2-2466-4F40-A9FF-BDB02B71E4BE}.Debug|x64.ActiveCfg = Debug|Any CPU
		{4AD6B2A2-2466-4F40-A9FF-BDB02B71E4BE}.Debug|x64.Build.0 = Debug|Any CPU
		{4AD6B2A2-2466-4F40-A9FF-BDB02B71E4BE}.Debug|x86.ActiveCfg = Debug|Any CPU
		{4AD6B2A2-2466-4F40-A9FF-BDB02B71E4BE}.Debug|x86.Build.0 = Debug|Any CPU
		{4AD6B2A2-2466-4F40-A9FF-BDB02B71E4BE}.Release|Any CPU.ActiveCfg = Release|Any CPU
		{4AD6B2A2-2466-4F40-A9FF-BDB02B71E4BE}.Release|Any CPU.Build.0 = Release|Any CPU
		{4AD6B2A2-2466-4F40-A9FF-BDB02B71E4BE}.Release|x64.ActiveCfg = Release|Any CPU
		{4AD6B2A2-2466-4F40-A9FF-BDB02B71E4BE}.Release|x64.Build.0 = Release|Any CPU
		{4AD6B2A2-2466-4F40-A9FF-BDB02B71E4BE}.Release|x86.ActiveCfg = Release|Any CPU
		{4AD6B2A2-2466-4F40-A9FF-BDB02B71E4BE}.Release|x86.Build.0 = Release|Any CPU
	EndGlobalSection
	GlobalSection(SolutionProperties) = preSolution
		HideSolutionNode = FALSE
	EndGlobalSection
	GlobalSection(NestedProjects) = preSolution
		{9EFAAF43-2C8E-46E5-B289-A321ACB75E8B} = {827E0CD3-B72D-47B6-A68D-7590B98EB39B}
		{BA4E8499-10F5-4963-A6F8-F22443A234E1} = {827E0CD3-B72D-47B6-A68D-7590B98EB39B}
		{B12CE42E-DB14-4FFB-859E-F7359B350B70} = {827E0CD3-B72D-47B6-A68D-7590B98EB39B}
		{25411CFF-20BD-4922-8FA6-57DDC294AEB2} = {827E0CD3-B72D-47B6-A68D-7590B98EB39B}
		{61286CD2-90BE-4FBA-A291-85A2F8A60903} = {827E0CD3-B72D-47B6-A68D-7590B98EB39B}
		{CEBF8D27-70C4-4E78-9404-27670849D95C} = {0AB3BF05-4346-4AA6-1389-037BE0695223}
		{A90DB6CE-D92E-4044-90CB-27FFFDCA9F6C} = {0AB3BF05-4346-4AA6-1389-037BE0695223}
		{D7B8A8C3-AEC2-4B83-9B57-5BFCC9989D79} = {0AB3BF05-4346-4AA6-1389-037BE0695223}
		{1B039428-DEB1-40D6-85A2-2D5E8C2F054C} = {0AB3BF05-4346-4AA6-1389-037BE0695223}
		{76A0F676-CB26-4982-87AB-2EC9343A4D82} = {0AB3BF05-4346-4AA6-1389-037BE0695223}
		{320A0C7C-0BC9-4F23-98F5-5FBC3B850CF6} = {0AB3BF05-4346-4AA6-1389-037BE0695223}
		{4AD6B2A2-2466-4F40-A9FF-BDB02B71E4BE} = {0AB3BF05-4346-4AA6-1389-037BE0695223}
	EndGlobalSection
EndGlobal
